{
  "name": "exam",
  "version": "1.0.0",
  "lockfileVersion": 1,
  "requires": true,
  "dependencies": {
    "progressbar.js": {
      "version": "1.0.1",
      "resolved": "https://registry.npmjs.org/progressbar.js/-/progressbar.js-1.0.1.tgz",
      "integrity": "sha1-9/v8GVJA/guzL2972y5/9ADqcfk=",
      "requires": {
        "shifty": "^1.5.2"
      }
    },
    "shifty": {
      "version": "1.5.4",
      "resolved": "https://registry.npmjs.org/shifty/-/shifty-1.5.4.tgz",
      "integrity": "sha1-1DYvyRTdKA3fblIr5AiyEgMgg0Y="
    },
    "xxx": {
      "version": "0.0.1",
      "resolved": "https://registry.npmjs.org/xxx/-/xxx-0.0.1.tgz",
      "integrity": "sha1-nYuKVdureQHnLCF0us0T6C+8E0A=",
      "dev": true
    }
  }
}
